
Microsoft Visual Studio Solution File, Format Version 12.00
# Visual Studio Version 17
VisualStudioVersion = 17.9.34622.214
MinimumVisualStudioVersion = 10.0.40219.1
Project("{FAE04EC0-301F-11D3-BF4B-00C04F79EFBC}") = "MVCSampleAPP", "MVCSampleAPP.csproj", "{4A04EF8B-CBD9-431F-8606-463BB1B93DEB}"
EndProject
Global
	GlobalSection(SolutionConfigurationPlatforms) = preSolution
		Debug|Any CPU = Debug|Any CPU
		Release|Any CPU = Release|Any CPU
	EndGlobalSection
	GlobalSection(ProjectConfigurationPlatforms) = postSolution
		{4A04EF8B-CBD9-431F-8606-463BB1B93DEB}.Debug|Any CPU.ActiveCfg = Debug|Any CPU
		{4A04EF8B-CBD9-431F-8606-463BB1B93DEB}.Debug|Any CPU.Build.0 = Debug|Any CPU
		{4A04EF8B-CBD9-431F-8606-463BB1B93DEB}.Release|Any CPU.ActiveCfg = Release|Any CPU
		{4A04EF8B-CBD9-431F-8606-463BB1B93DEB}.Release|Any CPU.Build.0 = Release|Any CPU
	EndGlobalSection
	GlobalSection(SolutionProperties) = preSolution
		HideSolutionNode = FALSE
	EndGlobalSection
	GlobalSection(ExtensibilityGlobals) = postSolution
		SolutionGuid = {CFC3199B-81D9-4469-8406-9013404C2204}
	EndGlobalSection
EndGlobal
